{
  "version": 4,
  "terraform_version": "1.5.6",
  "serial": 11,
  "lineage": "630aadbb-3308-37b7-42c6-4241fbcfd062",
  "outputs": {},
  "resources": [
    {
      "mode": "managed",
      "type": "random_pet",
      "name": "my-random-pet",
      "provider": "provider[\"registry.terraform.io/hashicorp/random\"]",
      "instances": [
        {
          "schema_version": 0,
          "attributes": {
            "id": "Mr.hare",
            "keepers": null,
            "length": 1,
            "prefix": "Mr",
            "separator": "."
          },
          "sensitive_attributes": []
        }
      ]
    }
  ],
  "check_results": null
}
